Microsoft Visual Studio Solution File, Format Version 12.00
# Visual Studio 2012
Project("{FAE04EC0-301F-11D3-BF4B-00C04F79EFBC}") = "CyberPunkJam2024", "CyberPunkJam2024.csproj", "{AFA37324-6845-4F37-89CD-F03FA92E41E1}"
EndProject
Global
	GlobalSection(SolutionConfigurationPlatforms) = preSolution
	Debug|Any CPU = Debug|Any CPU
	ExportDebug|Any CPU = ExportDebug|Any CPU
	ExportRelease|Any CPU = ExportRelease|Any CPU
	EndGlobalSection
	GlobalSection(ProjectConfigurationPlatforms) = postSolution
		{AFA37324-6845-4F37-89CD-F03FA92E41E1}.Debug|Any CPU.ActiveCfg = Debug|Any CPU
		{AFA37324-6845-4F37-89CD-F03FA92E41E1}.Debug|Any CPU.Build.0 = Debug|Any CPU
		{AFA37324-6845-4F37-89CD-F03FA92E41E1}.ExportDebug|Any CPU.ActiveCfg = ExportDebug|Any CPU
		{AFA37324-6845-4F37-89CD-F03FA92E41E1}.ExportDebug|Any CPU.Build.0 = ExportDebug|Any CPU
		{AFA37324-6845-4F37-89CD-F03FA92E41E1}.ExportRelease|Any CPU.ActiveCfg = ExportRelease|Any CPU
		{AFA37324-6845-4F37-89CD-F03FA92E41E1}.ExportRelease|Any CPU.Build.0 = ExportRelease|Any CPU
	EndGlobalSection
EndGlobal
